Microsoft Visual Studio Solution File, Format Version 11.00
# Visual Studio 2008

Project("{11560253-E84F-C3F2-3A29-F15964B3BE3E}") = "lesson1", "Assembly-CSharp-firstpass.csproj", "{ECE33035-6132-45A4-FBF2-F76AD5177820}"
EndProject
Project("{11560253-E84F-C3F2-3A29-F15964B3BE3E}") = "lesson1", "Assembly-CSharp.csproj", "{A56C2B25-67C7-248D-9815-E3D020B5BDFF}"
EndProject
Project("{11560253-E84F-C3F2-3A29-F15964B3BE3E}") = "lesson1", "Assembly-CSharp-Editor-firstpass.csproj", "{E787EFBE-2BCB-15DC-54B0-B27E8BBB4B02}"
EndProject
Global
	GlobalSection(SolutionConfigurationPlatforms) = preSolution
		Debug|Any CPU = Debug|Any CPU
		Release|Any CPU = Release|Any CPU
	EndGlobalSection
	GlobalSection(ProjectConfigurationPlatforms) = postSolution
		{ECE33035-6132-45A4-FBF2-F76AD5177820}.Debug|Any CPU.ActiveCfg = Debug|Any CPU
		{ECE33035-6132-45A4-FBF2-F76AD5177820}.Debug|Any CPU.Build.0 = Debug|Any CPU
		{ECE33035-6132-45A4-FBF2-F76AD5177820}.Release|Any CPU.ActiveCfg = Release|Any CPU
		{ECE33035-6132-45A4-FBF2-F76AD5177820}.Release|Any CPU.Build.0 = Release|Any CPU
		{A56C2B25-67C7-248D-9815-E3D020B5BDFF}.Debug|Any CPU.ActiveCfg = Debug|Any CPU
		{A56C2B25-67C7-248D-9815-E3D020B5BDFF}.Debug|Any CPU.Build.0 = Debug|Any CPU
		{A56C2B25-67C7-248D-9815-E3D020B5BDFF}.Release|Any CPU.ActiveCfg = Release|Any CPU
		{A56C2B25-67C7-248D-9815-E3D020B5BDFF}.Release|Any CPU.Build.0 = Release|Any CPU
		{E787EFBE-2BCB-15DC-54B0-B27E8BBB4B02}.Debug|Any CPU.ActiveCfg = Debug|Any CPU
		{E787EFBE-2BCB-15DC-54B0-B27E8BBB4B02}.Debug|Any CPU.Build.0 = Debug|Any CPU
		{E787EFBE-2BCB-15DC-54B0-B27E8BBB4B02}.Release|Any CPU.ActiveCfg = Release|Any CPU
		{E787EFBE-2BCB-15DC-54B0-B27E8BBB4B02}.Release|Any CPU.Build.0 = Release|Any CPU
	EndGlobalSection
	GlobalSection(SolutionProperties) = preSolution
		HideSolutionNode = FALSE
	EndGlobalSection
	GlobalSection(MonoDevelopProperties) = preSolution
		StartupItem = Assembly-CSharp.csproj
	EndGlobalSection
EndGlobal
